<Solution>
  <Project Path="ArrayApp/ArrayApp.csproj" Id="723b26f9-c60d-464f-83b7-341616817b38" />
  <Project Path="CitiesFor/CitiesFor.csproj" Id="a5162380-9a57-47bf-9e97-7ad4e1e38f13" />
  <Project Path="DoWhileApp/DoWhileApp.csproj" Id="0976443f-5f78-4503-a47a-271372098b23" />
  <Project Path="ExpressionBodyMethods/ExpressionBodyMethods.csproj" Id="5767ba72-58ce-4576-b5f9-b25a608937f5" />
  <Project Path="FormatExceptionApp/FormatExceptionApp.csproj" Id="c5b2eb74-b395-4903-898d-b2f38cc43f5d" />
  <Project Path="HelloWorld/HelloWorld.csproj" />
  <Project Path="IfCases/IfCases.csproj" Id="573912e6-872b-4365-a58a-04a0eb68927b" />
  <Project Path="KilometersApp/KilometersApp.csproj" />
  <Project Path="LinqArrays/LinqArrays.csproj" Id="898f99e6-adf8-4ae5-8cae-edcd346753b5" />
  <Project Path="MethodsApp/MethodsApp.csproj" Id="ec912439-fc04-426e-92c7-1a3444c9800e" />
  <Project Path="NumberRead/NumberRead.csproj" />
  <Project Path="PrintingApp/PrintingApp.csproj" />
  <Project Path="ProductsVat/ProductsVat.csproj" />
  <Project Path="SwapApp/SwapApp.csproj" Id="0511d7a3-7781-43e0-add7-7c35e6d8a9b5" />
  <Project Path="SwitcApp/SwitchApp.csproj" Id="297e3b53-2e4c-4687-9f44-4f3827723911" />
  <Project Path="TravellingApp/TravellingApp.csproj" />
  <Project Path="WhileApp/WhileApp.csproj" Id="0e85e1f8-20df-44cd-a766-636acfa0455d" />
</Solution>
